
Microsoft Visual Studio Solution File, Format Version 12.00
Project("{FAE04EC0-301F-11D3-BF4B-00C04F79EFBC}") = "BackendAkademija.api", "BackendAkademija.api\BackendAkademija.api.csproj", "{30019E15-ADCB-4D39-A18C-A37CFE482959}"
EndProject
Project("{FAE04EC0-301F-11D3-BF4B-00C04F79EFBC}") = "BackendAkademija.Domain", "BackendAkademija.Domain\BackendAkademija.Domain.csproj", "{0A91D17B-DD7B-4C3D-B728-89417C18C532}"
EndProject
Project("{FAE04EC0-301F-11D3-BF4B-00C04F79EFBC}") = "BackendAkademija.Application", "BackendAkademija.Application\BackendAkademija.Application.csproj", "{58825A5C-BEA3-4D83-AA77-40B490CE0B66}"
EndProject
Project("{FAE04EC0-301F-11D3-BF4B-00C04F79EFBC}") = "BackendAkademija.Infrastructure", "BackendAkademija.Infrastructure\BackendAkademija.Infrastructure.csproj", "{3BADB158-EB4D-4D42-A483-AF77476AE768}"
EndProject
Project("{FAE04EC0-301F-11D3-BF4B-00C04F79EFBC}") = "BackendAkademija.UnitTests", "BackendAkademija.UnitTests\BackendAkademija.UnitTests.csproj", "{7600143F-8081-464C-8BE2-A3F18FA39750}"
EndProject
Global
	GlobalSection(SolutionConfigurationPlatforms) = preSolution
		Debug|Any CPU = Debug|Any CPU
		Release|Any CPU = Release|Any CPU
	EndGlobalSection
	GlobalSection(ProjectConfigurationPlatforms) = postSolution
		{30019E15-ADCB-4D39-A18C-A37CFE482959}.Debug|Any CPU.ActiveCfg = Debug|Any CPU
		{30019E15-ADCB-4D39-A18C-A37CFE482959}.Debug|Any CPU.Build.0 = Debug|Any CPU
		{30019E15-ADCB-4D39-A18C-A37CFE482959}.Release|Any CPU.ActiveCfg = Release|Any CPU
		{30019E15-ADCB-4D39-A18C-A37CFE482959}.Release|Any CPU.Build.0 = Release|Any CPU
		{0A91D17B-DD7B-4C3D-B728-89417C18C532}.Debug|Any CPU.ActiveCfg = Debug|Any CPU
		{0A91D17B-DD7B-4C3D-B728-89417C18C532}.Debug|Any CPU.Build.0 = Debug|Any CPU
		{0A91D17B-DD7B-4C3D-B728-89417C18C532}.Release|Any CPU.ActiveCfg = Release|Any CPU
		{0A91D17B-DD7B-4C3D-B728-89417C18C532}.Release|Any CPU.Build.0 = Release|Any CPU
		{58825A5C-BEA3-4D83-AA77-40B490CE0B66}.Debug|Any CPU.ActiveCfg = Debug|Any CPU
		{58825A5C-BEA3-4D83-AA77-40B490CE0B66}.Debug|Any CPU.Build.0 = Debug|Any CPU
		{58825A5C-BEA3-4D83-AA77-40B490CE0B66}.Release|Any CPU.ActiveCfg = Release|Any CPU
		{58825A5C-BEA3-4D83-AA77-40B490CE0B66}.Release|Any CPU.Build.0 = Release|Any CPU
		{3BADB158-EB4D-4D42-A483-AF77476AE768}.Debug|Any CPU.ActiveCfg = Debug|Any CPU
		{3BADB158-EB4D-4D42-A483-AF77476AE768}.Debug|Any CPU.Build.0 = Debug|Any CPU
		{3BADB158-EB4D-4D42-A483-AF77476AE768}.Release|Any CPU.ActiveCfg = Release|Any CPU
		{3BADB158-EB4D-4D42-A483-AF77476AE768}.Release|Any CPU.Build.0 = Release|Any CPU
		{7600143F-8081-464C-8BE2-A3F18FA39750}.Debug|Any CPU.ActiveCfg = Debug|Any CPU
		{7600143F-8081-464C-8BE2-A3F18FA39750}.Debug|Any CPU.Build.0 = Debug|Any CPU
		{7600143F-8081-464C-8BE2-A3F18FA39750}.Release|Any CPU.ActiveCfg = Release|Any CPU
		{7600143F-8081-464C-8BE2-A3F18FA39750}.Release|Any CPU.Build.0 = Release|Any CPU
	EndGlobalSection
EndGlobal
